
Microsoft Visual Studio Solution File, Format Version 12.00
# Visual Studio Version 17
VisualStudioVersion = 17.0.31912.275
MinimumVisualStudioVersion = 10.0.40219.1
Project("{9A19103F-16F7-4668-BE54-9A1E7A4F7556}") = "RefactoringII", "SoftwareArchitectureII\RefactoringII.csproj", "{45D9FE89-7FD2-44D3-9E24-24F464F50281}"
EndProject
Project("{FAE04EC0-301F-11D3-BF4B-00C04F79EFBC}") = "AntiPatterns", "AntiPatterns\AntiPatterns.csproj", "{9A44251E-70FB-416C-B5C3-9DF9CE6055AB}"
EndProject
Global
	GlobalSection(SolutionConfigurationPlatforms) = preSolution
		Debug|Any CPU = Debug|Any CPU
		Release|Any CPU = Release|Any CPU
	EndGlobalSection
	GlobalSection(ProjectConfigurationPlatforms) = postSolution
		{45D9FE89-7FD2-44D3-9E24-24F464F50281}.Debug|Any CPU.ActiveCfg = Debug|Any CPU
		{45D9FE89-7FD2-44D3-9E24-24F464F50281}.Debug|Any CPU.Build.0 = Debug|Any CPU
		{45D9FE89-7FD2-44D3-9E24-24F464F50281}.Release|Any CPU.ActiveCfg = Release|Any CPU
		{45D9FE89-7FD2-44D3-9E24-24F464F50281}.Release|Any CPU.Build.0 = Release|Any CPU
		{9A44251E-70FB-416C-B5C3-9DF9CE6055AB}.Debug|Any CPU.ActiveCfg = Debug|Any CPU
		{9A44251E-70FB-416C-B5C3-9DF9CE6055AB}.Debug|Any CPU.Build.0 = Debug|Any CPU
		{9A44251E-70FB-416C-B5C3-9DF9CE6055AB}.Release|Any CPU.ActiveCfg = Release|Any CPU
		{9A44251E-70FB-416C-B5C3-9DF9CE6055AB}.Release|Any CPU.Build.0 = Release|Any CPU
	EndGlobalSection
	GlobalSection(SolutionProperties) = preSolution
		HideSolutionNode = FALSE
	EndGlobalSection
	GlobalSection(ExtensibilityGlobals) = postSolution
		SolutionGuid = {599FB1FC-41D8-4EED-89DB-676709DBF452}
	EndGlobalSection
EndGlobal
